
Microsoft Visual Studio Solution File, Format Version 12.00
# Visual Studio Version 16
VisualStudioVersion = 16.0.31019.35
MinimumVisualStudioVersion = 10.0.40219.1
Project("{8BC9CEB8-8B4A-11D0-8D11-00A0C91BC942}") = "384", "384\384.vcxproj", "{BBC86FEA-40AD-4D6A-AB76-5582A2F329F0}"
EndProject
Global
	GlobalSection(SolutionConfigurationPlatforms) = preSolution
		Debug|x64 = Debug|x64
		Debug|x86 = Debug|x86
		Release|x64 = Release|x64
		Release|x86 = Release|x86
	EndGlobalSection
	GlobalSection(ProjectConfigurationPlatforms) = postSolution
		{BBC86FEA-40AD-4D6A-AB76-5582A2F329F0}.Debug|x64.ActiveCfg = Debug|x64
		{BBC86FEA-40AD-4D6A-AB76-5582A2F329F0}.Debug|x64.Build.0 = Debug|x64
		{BBC86FEA-40AD-4D6A-AB76-5582A2F329F0}.Debug|x86.ActiveCfg = Debug|Win32
		{BBC86FEA-40AD-4D6A-AB76-5582A2F329F0}.Debug|x86.Build.0 = Debug|Win32
		{BBC86FEA-40AD-4D6A-AB76-5582A2F329F0}.Release|x64.ActiveCfg = Release|x64
		{BBC86FEA-40AD-4D6A-AB76-5582A2F329F0}.Release|x64.Build.0 = Release|x64
		{BBC86FEA-40AD-4D6A-AB76-5582A2F329F0}.Release|x86.ActiveCfg = Release|Win32
		{BBC86FEA-40AD-4D6A-AB76-5582A2F329F0}.Release|x86.Build.0 = Release|Win32
	EndGlobalSection
	GlobalSection(SolutionProperties) = preSolution
		HideSolutionNode = FALSE
	EndGlobalSection
	GlobalSection(ExtensibilityGlobals) = postSolution
		SolutionGuid = {1F3F065A-2EA4-4B32-9F76-635EF94B5F7C}
	EndGlobalSection
EndGlobal
