
Microsoft Visual Studio Solution File, Format Version 12.00
# Visual Studio Version 16
VisualStudioVersion = 16.0.31019.35
MinimumVisualStudioVersion = 10.0.40219.1
Project("{8BC9CEB8-8B4A-11D0-8D11-00A0C91BC942}") = "38", "38\38.vcxproj", "{95D8B983-ED68-48DB-AF39-9B3D2539DF2F}"
EndProject
Global
	GlobalSection(SolutionConfigurationPlatforms) = preSolution
		Debug|x64 = Debug|x64
		Debug|x86 = Debug|x86
		Release|x64 = Release|x64
		Release|x86 = Release|x86
	EndGlobalSection
	GlobalSection(ProjectConfigurationPlatforms) = postSolution
		{95D8B983-ED68-48DB-AF39-9B3D2539DF2F}.Debug|x64.ActiveCfg = Debug|x64
		{95D8B983-ED68-48DB-AF39-9B3D2539DF2F}.Debug|x64.Build.0 = Debug|x64
		{95D8B983-ED68-48DB-AF39-9B3D2539DF2F}.Debug|x86.ActiveCfg = Debug|Win32
		{95D8B983-ED68-48DB-AF39-9B3D2539DF2F}.Debug|x86.Build.0 = Debug|Win32
		{95D8B983-ED68-48DB-AF39-9B3D2539DF2F}.Release|x64.ActiveCfg = Release|x64
		{95D8B983-ED68-48DB-AF39-9B3D2539DF2F}.Release|x64.Build.0 = Release|x64
		{95D8B983-ED68-48DB-AF39-9B3D2539DF2F}.Release|x86.ActiveCfg = Release|Win32
		{95D8B983-ED68-48DB-AF39-9B3D2539DF2F}.Release|x86.Build.0 = Release|Win32
	EndGlobalSection
	GlobalSection(SolutionProperties) = preSolution
		HideSolutionNode = FALSE
	EndGlobalSection
	GlobalSection(ExtensibilityGlobals) = postSolution
		SolutionGuid = {FEB386B1-5642-4A42-A99F-A2B0C286C580}
	EndGlobalSection
EndGlobal
