
Microsoft Visual Studio Solution File, Format Version 12.00
# Visual Studio Version 16
VisualStudioVersion = 16.0.31019.35
MinimumVisualStudioVersion = 10.0.40219.1
Project("{8BC9CEB8-8B4A-11D0-8D11-00A0C91BC942}") = "354", "354\354.vcxproj", "{9321CEBB-A187-4061-A6B3-75EBB48325FC}"
EndProject
Global
	GlobalSection(SolutionConfigurationPlatforms) = preSolution
		Debug|x64 = Debug|x64
		Debug|x86 = Debug|x86
		Release|x64 = Release|x64
		Release|x86 = Release|x86
	EndGlobalSection
	GlobalSection(ProjectConfigurationPlatforms) = postSolution
		{9321CEBB-A187-4061-A6B3-75EBB48325FC}.Debug|x64.ActiveCfg = Debug|x64
		{9321CEBB-A187-4061-A6B3-75EBB48325FC}.Debug|x64.Build.0 = Debug|x64
		{9321CEBB-A187-4061-A6B3-75EBB48325FC}.Debug|x86.ActiveCfg = Debug|Win32
		{9321CEBB-A187-4061-A6B3-75EBB48325FC}.Debug|x86.Build.0 = Debug|Win32
		{9321CEBB-A187-4061-A6B3-75EBB48325FC}.Release|x64.ActiveCfg = Release|x64
		{9321CEBB-A187-4061-A6B3-75EBB48325FC}.Release|x64.Build.0 = Release|x64
		{9321CEBB-A187-4061-A6B3-75EBB48325FC}.Release|x86.ActiveCfg = Release|Win32
		{9321CEBB-A187-4061-A6B3-75EBB48325FC}.Release|x86.Build.0 = Release|Win32
	EndGlobalSection
	GlobalSection(SolutionProperties) = preSolution
		HideSolutionNode = FALSE
	EndGlobalSection
	GlobalSection(ExtensibilityGlobals) = postSolution
		SolutionGuid = {5CC75ECC-BADF-421F-B6C6-FA040E5C08AC}
	EndGlobalSection
EndGlobal
