
Microsoft Visual Studio Solution File, Format Version 12.00
# Visual Studio Version 16
VisualStudioVersion = 16.0.31019.35
MinimumVisualStudioVersion = 10.0.40219.1
Project("{8BC9CEB8-8B4A-11D0-8D11-00A0C91BC942}") = "745", "745\745.vcxproj", "{537C0437-A1DC-4485-A5DD-6F43AEBF11BB}"
EndProject
Global
	GlobalSection(SolutionConfigurationPlatforms) = preSolution
		Debug|x64 = Debug|x64
		Debug|x86 = Debug|x86
		Release|x64 = Release|x64
		Release|x86 = Release|x86
	EndGlobalSection
	GlobalSection(ProjectConfigurationPlatforms) = postSolution
		{537C0437-A1DC-4485-A5DD-6F43AEBF11BB}.Debug|x64.ActiveCfg = Debug|x64
		{537C0437-A1DC-4485-A5DD-6F43AEBF11BB}.Debug|x64.Build.0 = Debug|x64
		{537C0437-A1DC-4485-A5DD-6F43AEBF11BB}.Debug|x86.ActiveCfg = Debug|Win32
		{537C0437-A1DC-4485-A5DD-6F43AEBF11BB}.Debug|x86.Build.0 = Debug|Win32
		{537C0437-A1DC-4485-A5DD-6F43AEBF11BB}.Release|x64.ActiveCfg = Release|x64
		{537C0437-A1DC-4485-A5DD-6F43AEBF11BB}.Release|x64.Build.0 = Release|x64
		{537C0437-A1DC-4485-A5DD-6F43AEBF11BB}.Release|x86.ActiveCfg = Release|Win32
		{537C0437-A1DC-4485-A5DD-6F43AEBF11BB}.Release|x86.Build.0 = Release|Win32
	EndGlobalSection
	GlobalSection(SolutionProperties) = preSolution
		HideSolutionNode = FALSE
	EndGlobalSection
	GlobalSection(ExtensibilityGlobals) = postSolution
		SolutionGuid = {5292839D-57CA-4FF1-BC3B-8242F197FE9A}
	EndGlobalSection
EndGlobal
