
Microsoft Visual Studio Solution File, Format Version 12.00
# Visual Studio Version 16
VisualStudioVersion = 16.0.31019.35
MinimumVisualStudioVersion = 10.0.40219.1
Project("{8BC9CEB8-8B4A-11D0-8D11-00A0C91BC942}") = "Offer 68-II", "Offer 68-II\Offer 68-II.vcxproj", "{CEE7E81A-74FF-49D7-B914-2E4F4BF4F6EC}"
EndProject
Global
	GlobalSection(SolutionConfigurationPlatforms) = preSolution
		Debug|x64 = Debug|x64
		Debug|x86 = Debug|x86
		Release|x64 = Release|x64
		Release|x86 = Release|x86
	EndGlobalSection
	GlobalSection(ProjectConfigurationPlatforms) = postSolution
		{CEE7E81A-74FF-49D7-B914-2E4F4BF4F6EC}.Debug|x64.ActiveCfg = Debug|x64
		{CEE7E81A-74FF-49D7-B914-2E4F4BF4F6EC}.Debug|x64.Build.0 = Debug|x64
		{CEE7E81A-74FF-49D7-B914-2E4F4BF4F6EC}.Debug|x86.ActiveCfg = Debug|Win32
		{CEE7E81A-74FF-49D7-B914-2E4F4BF4F6EC}.Debug|x86.Build.0 = Debug|Win32
		{CEE7E81A-74FF-49D7-B914-2E4F4BF4F6EC}.Release|x64.ActiveCfg = Release|x64
		{CEE7E81A-74FF-49D7-B914-2E4F4BF4F6EC}.Release|x64.Build.0 = Release|x64
		{CEE7E81A-74FF-49D7-B914-2E4F4BF4F6EC}.Release|x86.ActiveCfg = Release|Win32
		{CEE7E81A-74FF-49D7-B914-2E4F4BF4F6EC}.Release|x86.Build.0 = Release|Win32
	EndGlobalSection
	GlobalSection(SolutionProperties) = preSolution
		HideSolutionNode = FALSE
	EndGlobalSection
	GlobalSection(ExtensibilityGlobals) = postSolution
		SolutionGuid = {3A5F8123-56C1-4F06-83E2-3894F01F8555}
	EndGlobalSection
EndGlobal
