
Microsoft Visual Studio Solution File, Format Version 12.00
# Visual Studio Version 16
VisualStudioVersion = 16.0.31019.35
MinimumVisualStudioVersion = 10.0.40219.1
Project("{8BC9CEB8-8B4A-11D0-8D11-00A0C91BC942}") = "Offer II 078", "Offer II 078\Offer II 078.vcxproj", "{585DC857-FFD2-4D90-8887-6FEE33AEBEAE}"
EndProject
Global
	GlobalSection(SolutionConfigurationPlatforms) = preSolution
		Debug|x64 = Debug|x64
		Debug|x86 = Debug|x86
		Release|x64 = Release|x64
		Release|x86 = Release|x86
	EndGlobalSection
	GlobalSection(ProjectConfigurationPlatforms) = postSolution
		{585DC857-FFD2-4D90-8887-6FEE33AEBEAE}.Debug|x64.ActiveCfg = Debug|x64
		{585DC857-FFD2-4D90-8887-6FEE33AEBEAE}.Debug|x64.Build.0 = Debug|x64
		{585DC857-FFD2-4D90-8887-6FEE33AEBEAE}.Debug|x86.ActiveCfg = Debug|Win32
		{585DC857-FFD2-4D90-8887-6FEE33AEBEAE}.Debug|x86.Build.0 = Debug|Win32
		{585DC857-FFD2-4D90-8887-6FEE33AEBEAE}.Release|x64.ActiveCfg = Release|x64
		{585DC857-FFD2-4D90-8887-6FEE33AEBEAE}.Release|x64.Build.0 = Release|x64
		{585DC857-FFD2-4D90-8887-6FEE33AEBEAE}.Release|x86.ActiveCfg = Release|Win32
		{585DC857-FFD2-4D90-8887-6FEE33AEBEAE}.Release|x86.Build.0 = Release|Win32
	EndGlobalSection
	GlobalSection(SolutionProperties) = preSolution
		HideSolutionNode = FALSE
	EndGlobalSection
	GlobalSection(ExtensibilityGlobals) = postSolution
		SolutionGuid = {F11C2CF0-B2B5-4A10-9533-F051BBF7BA99}
	EndGlobalSection
EndGlobal
