
Microsoft Visual Studio Solution File, Format Version 12.00
# Visual Studio Version 16
VisualStudioVersion = 16.0.31019.35
MinimumVisualStudioVersion = 10.0.40219.1
Project("{8BC9CEB8-8B4A-11D0-8D11-00A0C91BC942}") = "6112", "6112\6112.vcxproj", "{37C7914F-D1E8-4E7D-886B-2D75F2EA745C}"
EndProject
Global
	GlobalSection(SolutionConfigurationPlatforms) = preSolution
		Debug|x64 = Debug|x64
		Debug|x86 = Debug|x86
		Release|x64 = Release|x64
		Release|x86 = Release|x86
	EndGlobalSection
	GlobalSection(ProjectConfigurationPlatforms) = postSolution
		{37C7914F-D1E8-4E7D-886B-2D75F2EA745C}.Debug|x64.ActiveCfg = Debug|x64
		{37C7914F-D1E8-4E7D-886B-2D75F2EA745C}.Debug|x64.Build.0 = Debug|x64
		{37C7914F-D1E8-4E7D-886B-2D75F2EA745C}.Debug|x86.ActiveCfg = Debug|Win32
		{37C7914F-D1E8-4E7D-886B-2D75F2EA745C}.Debug|x86.Build.0 = Debug|Win32
		{37C7914F-D1E8-4E7D-886B-2D75F2EA745C}.Release|x64.ActiveCfg = Release|x64
		{37C7914F-D1E8-4E7D-886B-2D75F2EA745C}.Release|x64.Build.0 = Release|x64
		{37C7914F-D1E8-4E7D-886B-2D75F2EA745C}.Release|x86.ActiveCfg = Release|Win32
		{37C7914F-D1E8-4E7D-886B-2D75F2EA745C}.Release|x86.Build.0 = Release|Win32
	EndGlobalSection
	GlobalSection(SolutionProperties) = preSolution
		HideSolutionNode = FALSE
	EndGlobalSection
	GlobalSection(ExtensibilityGlobals) = postSolution
		SolutionGuid = {CBC3DD74-8B93-4A81-8F5D-BB44A181E363}
	EndGlobalSection
EndGlobal
