
Microsoft Visual Studio Solution File, Format Version 12.00
# Visual Studio Version 16
VisualStudioVersion = 16.0.31019.35
MinimumVisualStudioVersion = 10.0.40219.1
Project("{8BC9CEB8-8B4A-11D0-8D11-00A0C91BC942}") = "Offer 24", "Offer 24\Offer 24.vcxproj", "{72C7FC30-A551-4A53-B478-65EAB8DC1E85}"
EndProject
Global
	GlobalSection(SolutionConfigurationPlatforms) = preSolution
		Debug|x64 = Debug|x64
		Debug|x86 = Debug|x86
		Release|x64 = Release|x64
		Release|x86 = Release|x86
	EndGlobalSection
	GlobalSection(ProjectConfigurationPlatforms) = postSolution
		{72C7FC30-A551-4A53-B478-65EAB8DC1E85}.Debug|x64.ActiveCfg = Debug|x64
		{72C7FC30-A551-4A53-B478-65EAB8DC1E85}.Debug|x64.Build.0 = Debug|x64
		{72C7FC30-A551-4A53-B478-65EAB8DC1E85}.Debug|x86.ActiveCfg = Debug|Win32
		{72C7FC30-A551-4A53-B478-65EAB8DC1E85}.Debug|x86.Build.0 = Debug|Win32
		{72C7FC30-A551-4A53-B478-65EAB8DC1E85}.Release|x64.ActiveCfg = Release|x64
		{72C7FC30-A551-4A53-B478-65EAB8DC1E85}.Release|x64.Build.0 = Release|x64
		{72C7FC30-A551-4A53-B478-65EAB8DC1E85}.Release|x86.ActiveCfg = Release|Win32
		{72C7FC30-A551-4A53-B478-65EAB8DC1E85}.Release|x86.Build.0 = Release|Win32
	EndGlobalSection
	GlobalSection(SolutionProperties) = preSolution
		HideSolutionNode = FALSE
	EndGlobalSection
	GlobalSection(ExtensibilityGlobals) = postSolution
		SolutionGuid = {43C10C2B-E41A-4D48-A01A-06BD5FBAC458}
	EndGlobalSection
EndGlobal
