
Microsoft Visual Studio Solution File, Format Version 12.00
# Visual Studio Version 16
VisualStudioVersion = 16.0.31019.35
MinimumVisualStudioVersion = 10.0.40219.1
Project("{8BC9CEB8-8B4A-11D0-8D11-00A0C91BC942}") = "519", "519\519.vcxproj", "{56C06544-F51B-44D6-B1A6-6CC3ACEA0D04}"
EndProject
Global
	GlobalSection(SolutionConfigurationPlatforms) = preSolution
		Debug|x64 = Debug|x64
		Debug|x86 = Debug|x86
		Release|x64 = Release|x64
		Release|x86 = Release|x86
	EndGlobalSection
	GlobalSection(ProjectConfigurationPlatforms) = postSolution
		{56C06544-F51B-44D6-B1A6-6CC3ACEA0D04}.Debug|x64.ActiveCfg = Debug|x64
		{56C06544-F51B-44D6-B1A6-6CC3ACEA0D04}.Debug|x64.Build.0 = Debug|x64
		{56C06544-F51B-44D6-B1A6-6CC3ACEA0D04}.Debug|x86.ActiveCfg = Debug|Win32
		{56C06544-F51B-44D6-B1A6-6CC3ACEA0D04}.Debug|x86.Build.0 = Debug|Win32
		{56C06544-F51B-44D6-B1A6-6CC3ACEA0D04}.Release|x64.ActiveCfg = Release|x64
		{56C06544-F51B-44D6-B1A6-6CC3ACEA0D04}.Release|x64.Build.0 = Release|x64
		{56C06544-F51B-44D6-B1A6-6CC3ACEA0D04}.Release|x86.ActiveCfg = Release|Win32
		{56C06544-F51B-44D6-B1A6-6CC3ACEA0D04}.Release|x86.Build.0 = Release|Win32
	EndGlobalSection
	GlobalSection(SolutionProperties) = preSolution
		HideSolutionNode = FALSE
	EndGlobalSection
	GlobalSection(ExtensibilityGlobals) = postSolution
		SolutionGuid = {27B0FC68-B935-4F79-8022-61AF7302647A}
	EndGlobalSection
EndGlobal
