
Microsoft Visual Studio Solution File, Format Version 12.00
# Visual Studio Version 16
VisualStudioVersion = 16.0.31019.35
MinimumVisualStudioVersion = 10.0.40219.1
Project("{8BC9CEB8-8B4A-11D0-8D11-00A0C91BC942}") = "Offer 12", "Offer 12\Offer 12.vcxproj", "{297D7CC6-CFB9-4344-825F-E8E4F9C563FF}"
EndProject
Global
	GlobalSection(SolutionConfigurationPlatforms) = preSolution
		Debug|x64 = Debug|x64
		Debug|x86 = Debug|x86
		Release|x64 = Release|x64
		Release|x86 = Release|x86
	EndGlobalSection
	GlobalSection(ProjectConfigurationPlatforms) = postSolution
		{297D7CC6-CFB9-4344-825F-E8E4F9C563FF}.Debug|x64.ActiveCfg = Debug|x64
		{297D7CC6-CFB9-4344-825F-E8E4F9C563FF}.Debug|x64.Build.0 = Debug|x64
		{297D7CC6-CFB9-4344-825F-E8E4F9C563FF}.Debug|x86.ActiveCfg = Debug|Win32
		{297D7CC6-CFB9-4344-825F-E8E4F9C563FF}.Debug|x86.Build.0 = Debug|Win32
		{297D7CC6-CFB9-4344-825F-E8E4F9C563FF}.Release|x64.ActiveCfg = Release|x64
		{297D7CC6-CFB9-4344-825F-E8E4F9C563FF}.Release|x64.Build.0 = Release|x64
		{297D7CC6-CFB9-4344-825F-E8E4F9C563FF}.Release|x86.ActiveCfg = Release|Win32
		{297D7CC6-CFB9-4344-825F-E8E4F9C563FF}.Release|x86.Build.0 = Release|Win32
	EndGlobalSection
	GlobalSection(SolutionProperties) = preSolution
		HideSolutionNode = FALSE
	EndGlobalSection
	GlobalSection(ExtensibilityGlobals) = postSolution
		SolutionGuid = {950DE64B-7B34-4319-99C7-211DF57A8A80}
	EndGlobalSection
EndGlobal
