
Microsoft Visual Studio Solution File, Format Version 12.00
# Visual Studio Version 16
VisualStudioVersion = 16.0.31019.35
MinimumVisualStudioVersion = 10.0.40219.1
Project("{8BC9CEB8-8B4A-11D0-8D11-00A0C91BC942}") = "Offer 03", "Offer 03\Offer 03.vcxproj", "{577ED945-5363-48AE-AA7C-0E6E7524607E}"
EndProject
Global
	GlobalSection(SolutionConfigurationPlatforms) = preSolution
		Debug|x64 = Debug|x64
		Debug|x86 = Debug|x86
		Release|x64 = Release|x64
		Release|x86 = Release|x86
	EndGlobalSection
	GlobalSection(ProjectConfigurationPlatforms) = postSolution
		{577ED945-5363-48AE-AA7C-0E6E7524607E}.Debug|x64.ActiveCfg = Debug|x64
		{577ED945-5363-48AE-AA7C-0E6E7524607E}.Debug|x64.Build.0 = Debug|x64
		{577ED945-5363-48AE-AA7C-0E6E7524607E}.Debug|x86.ActiveCfg = Debug|Win32
		{577ED945-5363-48AE-AA7C-0E6E7524607E}.Debug|x86.Build.0 = Debug|Win32
		{577ED945-5363-48AE-AA7C-0E6E7524607E}.Release|x64.ActiveCfg = Release|x64
		{577ED945-5363-48AE-AA7C-0E6E7524607E}.Release|x64.Build.0 = Release|x64
		{577ED945-5363-48AE-AA7C-0E6E7524607E}.Release|x86.ActiveCfg = Release|Win32
		{577ED945-5363-48AE-AA7C-0E6E7524607E}.Release|x86.Build.0 = Release|Win32
	EndGlobalSection
	GlobalSection(SolutionProperties) = preSolution
		HideSolutionNode = FALSE
	EndGlobalSection
	GlobalSection(ExtensibilityGlobals) = postSolution
		SolutionGuid = {D9A14145-AB20-4FDF-9DE9-25156FBE1D4D}
	EndGlobalSection
EndGlobal
