
Microsoft Visual Studio Solution File, Format Version 12.00
# Visual Studio Version 16
VisualStudioVersion = 16.0.31019.35
MinimumVisualStudioVersion = 10.0.40219.1
Project("{8BC9CEB8-8B4A-11D0-8D11-00A0C91BC942}") = "541", "541\541.vcxproj", "{B1AEDC75-B7D8-40CD-AE53-4A77F622E39C}"
EndProject
Global
	GlobalSection(SolutionConfigurationPlatforms) = preSolution
		Debug|x64 = Debug|x64
		Debug|x86 = Debug|x86
		Release|x64 = Release|x64
		Release|x86 = Release|x86
	EndGlobalSection
	GlobalSection(ProjectConfigurationPlatforms) = postSolution
		{B1AEDC75-B7D8-40CD-AE53-4A77F622E39C}.Debug|x64.ActiveCfg = Debug|x64
		{B1AEDC75-B7D8-40CD-AE53-4A77F622E39C}.Debug|x64.Build.0 = Debug|x64
		{B1AEDC75-B7D8-40CD-AE53-4A77F622E39C}.Debug|x86.ActiveCfg = Debug|Win32
		{B1AEDC75-B7D8-40CD-AE53-4A77F622E39C}.Debug|x86.Build.0 = Debug|Win32
		{B1AEDC75-B7D8-40CD-AE53-4A77F622E39C}.Release|x64.ActiveCfg = Release|x64
		{B1AEDC75-B7D8-40CD-AE53-4A77F622E39C}.Release|x64.Build.0 = Release|x64
		{B1AEDC75-B7D8-40CD-AE53-4A77F622E39C}.Release|x86.ActiveCfg = Release|Win32
		{B1AEDC75-B7D8-40CD-AE53-4A77F622E39C}.Release|x86.Build.0 = Release|Win32
	EndGlobalSection
	GlobalSection(SolutionProperties) = preSolution
		HideSolutionNode = FALSE
	EndGlobalSection
	GlobalSection(ExtensibilityGlobals) = postSolution
		SolutionGuid = {27231F30-9053-4041-B7CB-4FCCD1FB11EB}
	EndGlobalSection
EndGlobal
