
Microsoft Visual Studio Solution File, Format Version 12.00
# Visual Studio Version 16
VisualStudioVersion = 16.0.31019.35
MinimumVisualStudioVersion = 10.0.40219.1
Project("{8BC9CEB8-8B4A-11D0-8D11-00A0C91BC942}") = "Offer II 056", "Offer II 056\Offer II 056.vcxproj", "{DDE486AB-CE52-46F1-8E10-624A18BF236A}"
EndProject
Global
	GlobalSection(SolutionConfigurationPlatforms) = preSolution
		Debug|x64 = Debug|x64
		Debug|x86 = Debug|x86
		Release|x64 = Release|x64
		Release|x86 = Release|x86
	EndGlobalSection
	GlobalSection(ProjectConfigurationPlatforms) = postSolution
		{DDE486AB-CE52-46F1-8E10-624A18BF236A}.Debug|x64.ActiveCfg = Debug|x64
		{DDE486AB-CE52-46F1-8E10-624A18BF236A}.Debug|x64.Build.0 = Debug|x64
		{DDE486AB-CE52-46F1-8E10-624A18BF236A}.Debug|x86.ActiveCfg = Debug|Win32
		{DDE486AB-CE52-46F1-8E10-624A18BF236A}.Debug|x86.Build.0 = Debug|Win32
		{DDE486AB-CE52-46F1-8E10-624A18BF236A}.Release|x64.ActiveCfg = Release|x64
		{DDE486AB-CE52-46F1-8E10-624A18BF236A}.Release|x64.Build.0 = Release|x64
		{DDE486AB-CE52-46F1-8E10-624A18BF236A}.Release|x86.ActiveCfg = Release|Win32
		{DDE486AB-CE52-46F1-8E10-624A18BF236A}.Release|x86.Build.0 = Release|Win32
	EndGlobalSection
	GlobalSection(SolutionProperties) = preSolution
		HideSolutionNode = FALSE
	EndGlobalSection
	GlobalSection(ExtensibilityGlobals) = postSolution
		SolutionGuid = {A7AFB0E1-B76D-41C7-A7E3-BEA630840771}
	EndGlobalSection
EndGlobal
