
Microsoft Visual Studio Solution File, Format Version 12.00
# Visual Studio Version 16
VisualStudioVersion = 16.0.31019.35
MinimumVisualStudioVersion = 10.0.40219.1
Project("{8BC9CEB8-8B4A-11D0-8D11-00A0C91BC942}") = "478", "478\478.vcxproj", "{FBD49681-206D-4AC9-BC7D-9C9C5441D127}"
EndProject
Global
	GlobalSection(SolutionConfigurationPlatforms) = preSolution
		Debug|x64 = Debug|x64
		Debug|x86 = Debug|x86
		Release|x64 = Release|x64
		Release|x86 = Release|x86
	EndGlobalSection
	GlobalSection(ProjectConfigurationPlatforms) = postSolution
		{FBD49681-206D-4AC9-BC7D-9C9C5441D127}.Debug|x64.ActiveCfg = Debug|x64
		{FBD49681-206D-4AC9-BC7D-9C9C5441D127}.Debug|x64.Build.0 = Debug|x64
		{FBD49681-206D-4AC9-BC7D-9C9C5441D127}.Debug|x86.ActiveCfg = Debug|Win32
		{FBD49681-206D-4AC9-BC7D-9C9C5441D127}.Debug|x86.Build.0 = Debug|Win32
		{FBD49681-206D-4AC9-BC7D-9C9C5441D127}.Release|x64.ActiveCfg = Release|x64
		{FBD49681-206D-4AC9-BC7D-9C9C5441D127}.Release|x64.Build.0 = Release|x64
		{FBD49681-206D-4AC9-BC7D-9C9C5441D127}.Release|x86.ActiveCfg = Release|Win32
		{FBD49681-206D-4AC9-BC7D-9C9C5441D127}.Release|x86.Build.0 = Release|Win32
	EndGlobalSection
	GlobalSection(SolutionProperties) = preSolution
		HideSolutionNode = FALSE
	EndGlobalSection
	GlobalSection(ExtensibilityGlobals) = postSolution
		SolutionGuid = {A04E356E-84FD-40D7-B5E5-32CD3E8516AD}
	EndGlobalSection
EndGlobal
