
Microsoft Visual Studio Solution File, Format Version 12.00
# Visual Studio Version 16
VisualStudioVersion = 16.0.31019.35
MinimumVisualStudioVersion = 10.0.40219.1
Project("{8BC9CEB8-8B4A-11D0-8D11-00A0C91BC942}") = "Offer II 006", "Offer II 005\Offer II 005.vcxproj", "{8718D9B9-EB0C-48DD-967B-552AA509132B}"
EndProject
Global
	GlobalSection(SolutionConfigurationPlatforms) = preSolution
		Debug|x64 = Debug|x64
		Debug|x86 = Debug|x86
		Release|x64 = Release|x64
		Release|x86 = Release|x86
	EndGlobalSection
	GlobalSection(ProjectConfigurationPlatforms) = postSolution
		{8718D9B9-EB0C-48DD-967B-552AA509132B}.Debug|x64.ActiveCfg = Debug|x64
		{8718D9B9-EB0C-48DD-967B-552AA509132B}.Debug|x64.Build.0 = Debug|x64
		{8718D9B9-EB0C-48DD-967B-552AA509132B}.Debug|x86.ActiveCfg = Debug|Win32
		{8718D9B9-EB0C-48DD-967B-552AA509132B}.Debug|x86.Build.0 = Debug|Win32
		{8718D9B9-EB0C-48DD-967B-552AA509132B}.Release|x64.ActiveCfg = Release|x64
		{8718D9B9-EB0C-48DD-967B-552AA509132B}.Release|x64.Build.0 = Release|x64
		{8718D9B9-EB0C-48DD-967B-552AA509132B}.Release|x86.ActiveCfg = Release|Win32
		{8718D9B9-EB0C-48DD-967B-552AA509132B}.Release|x86.Build.0 = Release|Win32
	EndGlobalSection
	GlobalSection(SolutionProperties) = preSolution
		HideSolutionNode = FALSE
	EndGlobalSection
	GlobalSection(ExtensibilityGlobals) = postSolution
		SolutionGuid = {04E937A2-5F9A-47B3-A3E4-D74545F4E22A}
	EndGlobalSection
EndGlobal
