
Microsoft Visual Studio Solution File, Format Version 12.00
# Visual Studio Version 16
VisualStudioVersion = 16.0.31019.35
MinimumVisualStudioVersion = 10.0.40219.1
Project("{8BC9CEB8-8B4A-11D0-8D11-00A0C91BC942}") = "429", "429\429.vcxproj", "{A836515F-8509-4732-BC99-23377154019A}"
EndProject
Global
	GlobalSection(SolutionConfigurationPlatforms) = preSolution
		Debug|x64 = Debug|x64
		Debug|x86 = Debug|x86
		Release|x64 = Release|x64
		Release|x86 = Release|x86
	EndGlobalSection
	GlobalSection(ProjectConfigurationPlatforms) = postSolution
		{A836515F-8509-4732-BC99-23377154019A}.Debug|x64.ActiveCfg = Debug|x64
		{A836515F-8509-4732-BC99-23377154019A}.Debug|x64.Build.0 = Debug|x64
		{A836515F-8509-4732-BC99-23377154019A}.Debug|x86.ActiveCfg = Debug|Win32
		{A836515F-8509-4732-BC99-23377154019A}.Debug|x86.Build.0 = Debug|Win32
		{A836515F-8509-4732-BC99-23377154019A}.Release|x64.ActiveCfg = Release|x64
		{A836515F-8509-4732-BC99-23377154019A}.Release|x64.Build.0 = Release|x64
		{A836515F-8509-4732-BC99-23377154019A}.Release|x86.ActiveCfg = Release|Win32
		{A836515F-8509-4732-BC99-23377154019A}.Release|x86.Build.0 = Release|Win32
	EndGlobalSection
	GlobalSection(SolutionProperties) = preSolution
		HideSolutionNode = FALSE
	EndGlobalSection
	GlobalSection(ExtensibilityGlobals) = postSolution
		SolutionGuid = {DFDFCACB-7C23-47AD-A632-A00138FE0A74}
	EndGlobalSection
EndGlobal
