
Microsoft Visual Studio Solution File, Format Version 12.00
# Visual Studio Version 16
VisualStudioVersion = 16.0.31019.35
MinimumVisualStudioVersion = 10.0.40219.1
Project("{8BC9CEB8-8B4A-11D0-8D11-00A0C91BC942}") = "300", "300\300.vcxproj", "{6DABB7A9-936A-4F08-B04C-7BF7085B6118}"
EndProject
Global
	GlobalSection(SolutionConfigurationPlatforms) = preSolution
		Debug|x64 = Debug|x64
		Debug|x86 = Debug|x86
		Release|x64 = Release|x64
		Release|x86 = Release|x86
	EndGlobalSection
	GlobalSection(ProjectConfigurationPlatforms) = postSolution
		{6DABB7A9-936A-4F08-B04C-7BF7085B6118}.Debug|x64.ActiveCfg = Debug|x64
		{6DABB7A9-936A-4F08-B04C-7BF7085B6118}.Debug|x64.Build.0 = Debug|x64
		{6DABB7A9-936A-4F08-B04C-7BF7085B6118}.Debug|x86.ActiveCfg = Debug|Win32
		{6DABB7A9-936A-4F08-B04C-7BF7085B6118}.Debug|x86.Build.0 = Debug|Win32
		{6DABB7A9-936A-4F08-B04C-7BF7085B6118}.Release|x64.ActiveCfg = Release|x64
		{6DABB7A9-936A-4F08-B04C-7BF7085B6118}.Release|x64.Build.0 = Release|x64
		{6DABB7A9-936A-4F08-B04C-7BF7085B6118}.Release|x86.ActiveCfg = Release|Win32
		{6DABB7A9-936A-4F08-B04C-7BF7085B6118}.Release|x86.Build.0 = Release|Win32
	EndGlobalSection
	GlobalSection(SolutionProperties) = preSolution
		HideSolutionNode = FALSE
	EndGlobalSection
	GlobalSection(ExtensibilityGlobals) = postSolution
		SolutionGuid = {93ACD49B-B31E-4A00-A263-BEF60FFA71B2}
	EndGlobalSection
EndGlobal
