
Microsoft Visual Studio Solution File, Format Version 12.00
# Visual Studio Version 16
VisualStudioVersion = 16.0.31019.35
MinimumVisualStudioVersion = 10.0.40219.1
Project("{8BC9CEB8-8B4A-11D0-8D11-00A0C91BC942}") = "508", "508\508.vcxproj", "{AFC17A6C-1472-42D4-8BCE-E77F41775621}"
EndProject
Global
	GlobalSection(SolutionConfigurationPlatforms) = preSolution
		Debug|x64 = Debug|x64
		Debug|x86 = Debug|x86
		Release|x64 = Release|x64
		Release|x86 = Release|x86
	EndGlobalSection
	GlobalSection(ProjectConfigurationPlatforms) = postSolution
		{AFC17A6C-1472-42D4-8BCE-E77F41775621}.Debug|x64.ActiveCfg = Debug|x64
		{AFC17A6C-1472-42D4-8BCE-E77F41775621}.Debug|x64.Build.0 = Debug|x64
		{AFC17A6C-1472-42D4-8BCE-E77F41775621}.Debug|x86.ActiveCfg = Debug|Win32
		{AFC17A6C-1472-42D4-8BCE-E77F41775621}.Debug|x86.Build.0 = Debug|Win32
		{AFC17A6C-1472-42D4-8BCE-E77F41775621}.Release|x64.ActiveCfg = Release|x64
		{AFC17A6C-1472-42D4-8BCE-E77F41775621}.Release|x64.Build.0 = Release|x64
		{AFC17A6C-1472-42D4-8BCE-E77F41775621}.Release|x86.ActiveCfg = Release|Win32
		{AFC17A6C-1472-42D4-8BCE-E77F41775621}.Release|x86.Build.0 = Release|Win32
	EndGlobalSection
	GlobalSection(SolutionProperties) = preSolution
		HideSolutionNode = FALSE
	EndGlobalSection
	GlobalSection(ExtensibilityGlobals) = postSolution
		SolutionGuid = {B8BC7AE0-FA86-4B31-8525-9FDAAD96F234}
	EndGlobalSection
EndGlobal
