
Microsoft Visual Studio Solution File, Format Version 12.00
# Visual Studio Version 16
VisualStudioVersion = 16.0.31019.35
MinimumVisualStudioVersion = 10.0.40219.1
Project("{8BC9CEB8-8B4A-11D0-8D11-00A0C91BC942}") = "Offer 56-II", "Offer 56-II\Offer 56-II.vcxproj", "{A1A1B83C-C18B-4DF2-81D6-E036FC43A9A9}"
EndProject
Global
	GlobalSection(SolutionConfigurationPlatforms) = preSolution
		Debug|x64 = Debug|x64
		Debug|x86 = Debug|x86
		Release|x64 = Release|x64
		Release|x86 = Release|x86
	EndGlobalSection
	GlobalSection(ProjectConfigurationPlatforms) = postSolution
		{A1A1B83C-C18B-4DF2-81D6-E036FC43A9A9}.Debug|x64.ActiveCfg = Debug|x64
		{A1A1B83C-C18B-4DF2-81D6-E036FC43A9A9}.Debug|x64.Build.0 = Debug|x64
		{A1A1B83C-C18B-4DF2-81D6-E036FC43A9A9}.Debug|x86.ActiveCfg = Debug|Win32
		{A1A1B83C-C18B-4DF2-81D6-E036FC43A9A9}.Debug|x86.Build.0 = Debug|Win32
		{A1A1B83C-C18B-4DF2-81D6-E036FC43A9A9}.Release|x64.ActiveCfg = Release|x64
		{A1A1B83C-C18B-4DF2-81D6-E036FC43A9A9}.Release|x64.Build.0 = Release|x64
		{A1A1B83C-C18B-4DF2-81D6-E036FC43A9A9}.Release|x86.ActiveCfg = Release|Win32
		{A1A1B83C-C18B-4DF2-81D6-E036FC43A9A9}.Release|x86.Build.0 = Release|Win32
	EndGlobalSection
	GlobalSection(SolutionProperties) = preSolution
		HideSolutionNode = FALSE
	EndGlobalSection
	GlobalSection(ExtensibilityGlobals) = postSolution
		SolutionGuid = {A094B419-E43C-4C5B-A52F-959E6FC642DC}
	EndGlobalSection
EndGlobal
