
Microsoft Visual Studio Solution File, Format Version 12.00
# Visual Studio Version 16
VisualStudioVersion = 16.0.31019.35
MinimumVisualStudioVersion = 10.0.40219.1
Project("{8BC9CEB8-8B4A-11D0-8D11-00A0C91BC942}") = "403", "403\403.vcxproj", "{CE343265-B914-4BB8-B6FC-3AAD085BF1B8}"
EndProject
Global
	GlobalSection(SolutionConfigurationPlatforms) = preSolution
		Debug|x64 = Debug|x64
		Debug|x86 = Debug|x86
		Release|x64 = Release|x64
		Release|x86 = Release|x86
	EndGlobalSection
	GlobalSection(ProjectConfigurationPlatforms) = postSolution
		{CE343265-B914-4BB8-B6FC-3AAD085BF1B8}.Debug|x64.ActiveCfg = Debug|x64
		{CE343265-B914-4BB8-B6FC-3AAD085BF1B8}.Debug|x64.Build.0 = Debug|x64
		{CE343265-B914-4BB8-B6FC-3AAD085BF1B8}.Debug|x86.ActiveCfg = Debug|Win32
		{CE343265-B914-4BB8-B6FC-3AAD085BF1B8}.Debug|x86.Build.0 = Debug|Win32
		{CE343265-B914-4BB8-B6FC-3AAD085BF1B8}.Release|x64.ActiveCfg = Release|x64
		{CE343265-B914-4BB8-B6FC-3AAD085BF1B8}.Release|x64.Build.0 = Release|x64
		{CE343265-B914-4BB8-B6FC-3AAD085BF1B8}.Release|x86.ActiveCfg = Release|Win32
		{CE343265-B914-4BB8-B6FC-3AAD085BF1B8}.Release|x86.Build.0 = Release|Win32
	EndGlobalSection
	GlobalSection(SolutionProperties) = preSolution
		HideSolutionNode = FALSE
	EndGlobalSection
	GlobalSection(ExtensibilityGlobals) = postSolution
		SolutionGuid = {EE959DEF-C2C0-4886-A968-A06D26427CFB}
	EndGlobalSection
EndGlobal
