
Microsoft Visual Studio Solution File, Format Version 12.00
# Visual Studio Version 16
VisualStudioVersion = 16.0.31019.35
MinimumVisualStudioVersion = 10.0.40219.1
Project("{8BC9CEB8-8B4A-11D0-8D11-00A0C91BC942}") = "467", "467\467.vcxproj", "{6539907F-61DE-4174-9624-D2A05BEA8E78}"
EndProject
Global
	GlobalSection(SolutionConfigurationPlatforms) = preSolution
		Debug|x64 = Debug|x64
		Debug|x86 = Debug|x86
		Release|x64 = Release|x64
		Release|x86 = Release|x86
	EndGlobalSection
	GlobalSection(ProjectConfigurationPlatforms) = postSolution
		{6539907F-61DE-4174-9624-D2A05BEA8E78}.Debug|x64.ActiveCfg = Debug|x64
		{6539907F-61DE-4174-9624-D2A05BEA8E78}.Debug|x64.Build.0 = Debug|x64
		{6539907F-61DE-4174-9624-D2A05BEA8E78}.Debug|x86.ActiveCfg = Debug|Win32
		{6539907F-61DE-4174-9624-D2A05BEA8E78}.Debug|x86.Build.0 = Debug|Win32
		{6539907F-61DE-4174-9624-D2A05BEA8E78}.Release|x64.ActiveCfg = Release|x64
		{6539907F-61DE-4174-9624-D2A05BEA8E78}.Release|x64.Build.0 = Release|x64
		{6539907F-61DE-4174-9624-D2A05BEA8E78}.Release|x86.ActiveCfg = Release|Win32
		{6539907F-61DE-4174-9624-D2A05BEA8E78}.Release|x86.Build.0 = Release|Win32
	EndGlobalSection
	GlobalSection(SolutionProperties) = preSolution
		HideSolutionNode = FALSE
	EndGlobalSection
	GlobalSection(ExtensibilityGlobals) = postSolution
		SolutionGuid = {5B246229-171F-4EE6-875F-DD186CD030E6}
	EndGlobalSection
EndGlobal
