
Microsoft Visual Studio Solution File, Format Version 12.00
# Visual Studio Version 16
VisualStudioVersion = 16.0.31019.35
MinimumVisualStudioVersion = 10.0.40219.1
Project("{8BC9CEB8-8B4A-11D0-8D11-00A0C91BC942}") = "279", "279\279.vcxproj", "{89520E53-9CA6-46E9-A905-B40B7EA56FA6}"
EndProject
Global
	GlobalSection(SolutionConfigurationPlatforms) = preSolution
		Debug|x64 = Debug|x64
		Debug|x86 = Debug|x86
		Release|x64 = Release|x64
		Release|x86 = Release|x86
	EndGlobalSection
	GlobalSection(ProjectConfigurationPlatforms) = postSolution
		{89520E53-9CA6-46E9-A905-B40B7EA56FA6}.Debug|x64.ActiveCfg = Debug|x64
		{89520E53-9CA6-46E9-A905-B40B7EA56FA6}.Debug|x64.Build.0 = Debug|x64
		{89520E53-9CA6-46E9-A905-B40B7EA56FA6}.Debug|x86.ActiveCfg = Debug|Win32
		{89520E53-9CA6-46E9-A905-B40B7EA56FA6}.Debug|x86.Build.0 = Debug|Win32
		{89520E53-9CA6-46E9-A905-B40B7EA56FA6}.Release|x64.ActiveCfg = Release|x64
		{89520E53-9CA6-46E9-A905-B40B7EA56FA6}.Release|x64.Build.0 = Release|x64
		{89520E53-9CA6-46E9-A905-B40B7EA56FA6}.Release|x86.ActiveCfg = Release|Win32
		{89520E53-9CA6-46E9-A905-B40B7EA56FA6}.Release|x86.Build.0 = Release|Win32
	EndGlobalSection
	GlobalSection(SolutionProperties) = preSolution
		HideSolutionNode = FALSE
	EndGlobalSection
	GlobalSection(ExtensibilityGlobals) = postSolution
		SolutionGuid = {38724C40-0E30-4E20-908D-7AD26297F8E3}
	EndGlobalSection
EndGlobal
