
Microsoft Visual Studio Solution File, Format Version 12.00
# Visual Studio Version 16
VisualStudioVersion = 16.0.31019.35
MinimumVisualStudioVersion = 10.0.40219.1
Project("{8BC9CEB8-8B4A-11D0-8D11-00A0C91BC942}") = "Offer II 018", "Offer II 018\Offer II 018.vcxproj", "{89D36596-6E59-4824-809F-30596B24F915}"
EndProject
Global
	GlobalSection(SolutionConfigurationPlatforms) = preSolution
		Debug|x64 = Debug|x64
		Debug|x86 = Debug|x86
		Release|x64 = Release|x64
		Release|x86 = Release|x86
	EndGlobalSection
	GlobalSection(ProjectConfigurationPlatforms) = postSolution
		{89D36596-6E59-4824-809F-30596B24F915}.Debug|x64.ActiveCfg = Debug|x64
		{89D36596-6E59-4824-809F-30596B24F915}.Debug|x64.Build.0 = Debug|x64
		{89D36596-6E59-4824-809F-30596B24F915}.Debug|x86.ActiveCfg = Debug|Win32
		{89D36596-6E59-4824-809F-30596B24F915}.Debug|x86.Build.0 = Debug|Win32
		{89D36596-6E59-4824-809F-30596B24F915}.Release|x64.ActiveCfg = Release|x64
		{89D36596-6E59-4824-809F-30596B24F915}.Release|x64.Build.0 = Release|x64
		{89D36596-6E59-4824-809F-30596B24F915}.Release|x86.ActiveCfg = Release|Win32
		{89D36596-6E59-4824-809F-30596B24F915}.Release|x86.Build.0 = Release|Win32
	EndGlobalSection
	GlobalSection(SolutionProperties) = preSolution
		HideSolutionNode = FALSE
	EndGlobalSection
	GlobalSection(ExtensibilityGlobals) = postSolution
		SolutionGuid = {52520303-E3D9-464D-806B-C670D722F9AA}
	EndGlobalSection
EndGlobal
