
Microsoft Visual Studio Solution File, Format Version 12.00
# Visual Studio Version 16
VisualStudioVersion = 16.0.31019.35
MinimumVisualStudioVersion = 10.0.40219.1
Project("{8BC9CEB8-8B4A-11D0-8D11-00A0C91BC942}") = "506", "506\506.vcxproj", "{466CAC56-0ED0-4A2F-A297-565992587CEE}"
EndProject
Global
	GlobalSection(SolutionConfigurationPlatforms) = preSolution
		Debug|x64 = Debug|x64
		Debug|x86 = Debug|x86
		Release|x64 = Release|x64
		Release|x86 = Release|x86
	EndGlobalSection
	GlobalSection(ProjectConfigurationPlatforms) = postSolution
		{466CAC56-0ED0-4A2F-A297-565992587CEE}.Debug|x64.ActiveCfg = Debug|x64
		{466CAC56-0ED0-4A2F-A297-565992587CEE}.Debug|x64.Build.0 = Debug|x64
		{466CAC56-0ED0-4A2F-A297-565992587CEE}.Debug|x86.ActiveCfg = Debug|Win32
		{466CAC56-0ED0-4A2F-A297-565992587CEE}.Debug|x86.Build.0 = Debug|Win32
		{466CAC56-0ED0-4A2F-A297-565992587CEE}.Release|x64.ActiveCfg = Release|x64
		{466CAC56-0ED0-4A2F-A297-565992587CEE}.Release|x64.Build.0 = Release|x64
		{466CAC56-0ED0-4A2F-A297-565992587CEE}.Release|x86.ActiveCfg = Release|Win32
		{466CAC56-0ED0-4A2F-A297-565992587CEE}.Release|x86.Build.0 = Release|Win32
	EndGlobalSection
	GlobalSection(SolutionProperties) = preSolution
		HideSolutionNode = FALSE
	EndGlobalSection
	GlobalSection(ExtensibilityGlobals) = postSolution
		SolutionGuid = {C79B6164-AD2B-4B10-BFEC-09CD1CF6C60B}
	EndGlobalSection
EndGlobal
