
Microsoft Visual Studio Solution File, Format Version 12.00
# Visual Studio Version 16
VisualStudioVersion = 16.0.31019.35
MinimumVisualStudioVersion = 10.0.40219.1
Project("{8BC9CEB8-8B4A-11D0-8D11-00A0C91BC942}") = "228", "228\228.vcxproj", "{B62EF5E3-AAFB-423F-9238-0C2328F75903}"
EndProject
Global
	GlobalSection(SolutionConfigurationPlatforms) = preSolution
		Debug|x64 = Debug|x64
		Debug|x86 = Debug|x86
		Release|x64 = Release|x64
		Release|x86 = Release|x86
	EndGlobalSection
	GlobalSection(ProjectConfigurationPlatforms) = postSolution
		{B62EF5E3-AAFB-423F-9238-0C2328F75903}.Debug|x64.ActiveCfg = Debug|x64
		{B62EF5E3-AAFB-423F-9238-0C2328F75903}.Debug|x64.Build.0 = Debug|x64
		{B62EF5E3-AAFB-423F-9238-0C2328F75903}.Debug|x86.ActiveCfg = Debug|Win32
		{B62EF5E3-AAFB-423F-9238-0C2328F75903}.Debug|x86.Build.0 = Debug|Win32
		{B62EF5E3-AAFB-423F-9238-0C2328F75903}.Release|x64.ActiveCfg = Release|x64
		{B62EF5E3-AAFB-423F-9238-0C2328F75903}.Release|x64.Build.0 = Release|x64
		{B62EF5E3-AAFB-423F-9238-0C2328F75903}.Release|x86.ActiveCfg = Release|Win32
		{B62EF5E3-AAFB-423F-9238-0C2328F75903}.Release|x86.Build.0 = Release|Win32
	EndGlobalSection
	GlobalSection(SolutionProperties) = preSolution
		HideSolutionNode = FALSE
	EndGlobalSection
	GlobalSection(ExtensibilityGlobals) = postSolution
		SolutionGuid = {E4C0DB6A-7333-4792-8351-9F9209563BF0}
	EndGlobalSection
EndGlobal
