
Microsoft Visual Studio Solution File, Format Version 12.00
# Visual Studio Version 16
VisualStudioVersion = 16.0.31019.35
MinimumVisualStudioVersion = 10.0.40219.1
Project("{8BC9CEB8-8B4A-11D0-8D11-00A0C91BC942}") = "Offer II 118", "Offer II 118\Offer II 118.vcxproj", "{FFDDF55D-ECA2-4A60-8802-5CC78A1C2267}"
EndProject
Global
	GlobalSection(SolutionConfigurationPlatforms) = preSolution
		Debug|x64 = Debug|x64
		Debug|x86 = Debug|x86
		Release|x64 = Release|x64
		Release|x86 = Release|x86
	EndGlobalSection
	GlobalSection(ProjectConfigurationPlatforms) = postSolution
		{FFDDF55D-ECA2-4A60-8802-5CC78A1C2267}.Debug|x64.ActiveCfg = Debug|x64
		{FFDDF55D-ECA2-4A60-8802-5CC78A1C2267}.Debug|x64.Build.0 = Debug|x64
		{FFDDF55D-ECA2-4A60-8802-5CC78A1C2267}.Debug|x86.ActiveCfg = Debug|Win32
		{FFDDF55D-ECA2-4A60-8802-5CC78A1C2267}.Debug|x86.Build.0 = Debug|Win32
		{FFDDF55D-ECA2-4A60-8802-5CC78A1C2267}.Release|x64.ActiveCfg = Release|x64
		{FFDDF55D-ECA2-4A60-8802-5CC78A1C2267}.Release|x64.Build.0 = Release|x64
		{FFDDF55D-ECA2-4A60-8802-5CC78A1C2267}.Release|x86.ActiveCfg = Release|Win32
		{FFDDF55D-ECA2-4A60-8802-5CC78A1C2267}.Release|x86.Build.0 = Release|Win32
	EndGlobalSection
	GlobalSection(SolutionProperties) = preSolution
		HideSolutionNode = FALSE
	EndGlobalSection
	GlobalSection(ExtensibilityGlobals) = postSolution
		SolutionGuid = {C5B0CF60-92C4-4078-A58B-FB86BB6386E3}
	EndGlobalSection
EndGlobal
