
Microsoft Visual Studio Solution File, Format Version 12.00
# Visual Studio Version 16
VisualStudioVersion = 16.0.31019.35
MinimumVisualStudioVersion = 10.0.40219.1
Project("{8BC9CEB8-8B4A-11D0-8D11-00A0C91BC942}") = "1408", "1408\1408.vcxproj", "{EDFC38D9-52C4-4957-BE32-FA46400C4483}"
EndProject
Global
	GlobalSection(SolutionConfigurationPlatforms) = preSolution
		Debug|x64 = Debug|x64
		Debug|x86 = Debug|x86
		Release|x64 = Release|x64
		Release|x86 = Release|x86
	EndGlobalSection
	GlobalSection(ProjectConfigurationPlatforms) = postSolution
		{EDFC38D9-52C4-4957-BE32-FA46400C4483}.Debug|x64.ActiveCfg = Debug|x64
		{EDFC38D9-52C4-4957-BE32-FA46400C4483}.Debug|x64.Build.0 = Debug|x64
		{EDFC38D9-52C4-4957-BE32-FA46400C4483}.Debug|x86.ActiveCfg = Debug|Win32
		{EDFC38D9-52C4-4957-BE32-FA46400C4483}.Debug|x86.Build.0 = Debug|Win32
		{EDFC38D9-52C4-4957-BE32-FA46400C4483}.Release|x64.ActiveCfg = Release|x64
		{EDFC38D9-52C4-4957-BE32-FA46400C4483}.Release|x64.Build.0 = Release|x64
		{EDFC38D9-52C4-4957-BE32-FA46400C4483}.Release|x86.ActiveCfg = Release|Win32
		{EDFC38D9-52C4-4957-BE32-FA46400C4483}.Release|x86.Build.0 = Release|Win32
	EndGlobalSection
	GlobalSection(SolutionProperties) = preSolution
		HideSolutionNode = FALSE
	EndGlobalSection
	GlobalSection(ExtensibilityGlobals) = postSolution
		SolutionGuid = {A6F48C27-066B-40A0-AE01-5C5973FBEE73}
	EndGlobalSection
EndGlobal
