
Microsoft Visual Studio Solution File, Format Version 12.00
# Visual Studio Version 16
VisualStudioVersion = 16.0.31019.35
MinimumVisualStudioVersion = 10.0.40219.1
Project("{8BC9CEB8-8B4A-11D0-8D11-00A0C91BC942}") = "Offer II 092", "Offer II 092\Offer II 092.vcxproj", "{EF8F2DB4-916D-4A82-8A06-C6E385E2C1AD}"
EndProject
Global
	GlobalSection(SolutionConfigurationPlatforms) = preSolution
		Debug|x64 = Debug|x64
		Debug|x86 = Debug|x86
		Release|x64 = Release|x64
		Release|x86 = Release|x86
	EndGlobalSection
	GlobalSection(ProjectConfigurationPlatforms) = postSolution
		{EF8F2DB4-916D-4A82-8A06-C6E385E2C1AD}.Debug|x64.ActiveCfg = Debug|x64
		{EF8F2DB4-916D-4A82-8A06-C6E385E2C1AD}.Debug|x64.Build.0 = Debug|x64
		{EF8F2DB4-916D-4A82-8A06-C6E385E2C1AD}.Debug|x86.ActiveCfg = Debug|Win32
		{EF8F2DB4-916D-4A82-8A06-C6E385E2C1AD}.Debug|x86.Build.0 = Debug|Win32
		{EF8F2DB4-916D-4A82-8A06-C6E385E2C1AD}.Release|x64.ActiveCfg = Release|x64
		{EF8F2DB4-916D-4A82-8A06-C6E385E2C1AD}.Release|x64.Build.0 = Release|x64
		{EF8F2DB4-916D-4A82-8A06-C6E385E2C1AD}.Release|x86.ActiveCfg = Release|Win32
		{EF8F2DB4-916D-4A82-8A06-C6E385E2C1AD}.Release|x86.Build.0 = Release|Win32
	EndGlobalSection
	GlobalSection(SolutionProperties) = preSolution
		HideSolutionNode = FALSE
	EndGlobalSection
	GlobalSection(ExtensibilityGlobals) = postSolution
		SolutionGuid = {D4788AF4-DCBA-4A97-B65D-76AB2F02A88F}
	EndGlobalSection
EndGlobal
