
Microsoft Visual Studio Solution File, Format Version 12.00
# Visual Studio Version 16
VisualStudioVersion = 16.0.31019.35
MinimumVisualStudioVersion = 10.0.40219.1
Project("{8BC9CEB8-8B4A-11D0-8D11-00A0C91BC942}") = "Offer II 044", "Offer II 044\Offer II 044.vcxproj", "{5CC6882E-04CF-455C-B416-42141D3A2F04}"
EndProject
Global
	GlobalSection(SolutionConfigurationPlatforms) = preSolution
		Debug|x64 = Debug|x64
		Debug|x86 = Debug|x86
		Release|x64 = Release|x64
		Release|x86 = Release|x86
	EndGlobalSection
	GlobalSection(ProjectConfigurationPlatforms) = postSolution
		{5CC6882E-04CF-455C-B416-42141D3A2F04}.Debug|x64.ActiveCfg = Debug|x64
		{5CC6882E-04CF-455C-B416-42141D3A2F04}.Debug|x64.Build.0 = Debug|x64
		{5CC6882E-04CF-455C-B416-42141D3A2F04}.Debug|x86.ActiveCfg = Debug|Win32
		{5CC6882E-04CF-455C-B416-42141D3A2F04}.Debug|x86.Build.0 = Debug|Win32
		{5CC6882E-04CF-455C-B416-42141D3A2F04}.Release|x64.ActiveCfg = Release|x64
		{5CC6882E-04CF-455C-B416-42141D3A2F04}.Release|x64.Build.0 = Release|x64
		{5CC6882E-04CF-455C-B416-42141D3A2F04}.Release|x86.ActiveCfg = Release|Win32
		{5CC6882E-04CF-455C-B416-42141D3A2F04}.Release|x86.Build.0 = Release|Win32
	EndGlobalSection
	GlobalSection(SolutionProperties) = preSolution
		HideSolutionNode = FALSE
	EndGlobalSection
	GlobalSection(ExtensibilityGlobals) = postSolution
		SolutionGuid = {89E65008-089D-4A35-B56F-6E7A6166E4A3}
	EndGlobalSection
EndGlobal
