
Microsoft Visual Studio Solution File, Format Version 12.00
# Visual Studio Version 16
VisualStudioVersion = 16.0.31019.35
MinimumVisualStudioVersion = 10.0.40219.1
Project("{8BC9CEB8-8B4A-11D0-8D11-00A0C91BC942}") = "Offer 62", "Offer 62\Offer 62.vcxproj", "{71B496A0-1A2E-4A0D-85B6-4F30B615B7B8}"
EndProject
Global
	GlobalSection(SolutionConfigurationPlatforms) = preSolution
		Debug|x64 = Debug|x64
		Debug|x86 = Debug|x86
		Release|x64 = Release|x64
		Release|x86 = Release|x86
	EndGlobalSection
	GlobalSection(ProjectConfigurationPlatforms) = postSolution
		{71B496A0-1A2E-4A0D-85B6-4F30B615B7B8}.Debug|x64.ActiveCfg = Debug|x64
		{71B496A0-1A2E-4A0D-85B6-4F30B615B7B8}.Debug|x64.Build.0 = Debug|x64
		{71B496A0-1A2E-4A0D-85B6-4F30B615B7B8}.Debug|x86.ActiveCfg = Debug|Win32
		{71B496A0-1A2E-4A0D-85B6-4F30B615B7B8}.Debug|x86.Build.0 = Debug|Win32
		{71B496A0-1A2E-4A0D-85B6-4F30B615B7B8}.Release|x64.ActiveCfg = Release|x64
		{71B496A0-1A2E-4A0D-85B6-4F30B615B7B8}.Release|x64.Build.0 = Release|x64
		{71B496A0-1A2E-4A0D-85B6-4F30B615B7B8}.Release|x86.ActiveCfg = Release|Win32
		{71B496A0-1A2E-4A0D-85B6-4F30B615B7B8}.Release|x86.Build.0 = Release|Win32
	EndGlobalSection
	GlobalSection(SolutionProperties) = preSolution
		HideSolutionNode = FALSE
	EndGlobalSection
	GlobalSection(ExtensibilityGlobals) = postSolution
		SolutionGuid = {4B6D2C8B-7869-4B9E-BA38-E243A2BFAF5A}
	EndGlobalSection
EndGlobal
