
Microsoft Visual Studio Solution File, Format Version 12.00
# Visual Studio Version 16
VisualStudioVersion = 16.0.31019.35
MinimumVisualStudioVersion = 10.0.40219.1
Project("{8BC9CEB8-8B4A-11D0-8D11-00A0C91BC942}") = "537", "537\537.vcxproj", "{53C10795-E2F5-4CCC-AF5A-1605E33D6CA2}"
EndProject
Global
	GlobalSection(SolutionConfigurationPlatforms) = preSolution
		Debug|x64 = Debug|x64
		Debug|x86 = Debug|x86
		Release|x64 = Release|x64
		Release|x86 = Release|x86
	EndGlobalSection
	GlobalSection(ProjectConfigurationPlatforms) = postSolution
		{53C10795-E2F5-4CCC-AF5A-1605E33D6CA2}.Debug|x64.ActiveCfg = Debug|x64
		{53C10795-E2F5-4CCC-AF5A-1605E33D6CA2}.Debug|x64.Build.0 = Debug|x64
		{53C10795-E2F5-4CCC-AF5A-1605E33D6CA2}.Debug|x86.ActiveCfg = Debug|Win32
		{53C10795-E2F5-4CCC-AF5A-1605E33D6CA2}.Debug|x86.Build.0 = Debug|Win32
		{53C10795-E2F5-4CCC-AF5A-1605E33D6CA2}.Release|x64.ActiveCfg = Release|x64
		{53C10795-E2F5-4CCC-AF5A-1605E33D6CA2}.Release|x64.Build.0 = Release|x64
		{53C10795-E2F5-4CCC-AF5A-1605E33D6CA2}.Release|x86.ActiveCfg = Release|Win32
		{53C10795-E2F5-4CCC-AF5A-1605E33D6CA2}.Release|x86.Build.0 = Release|Win32
	EndGlobalSection
	GlobalSection(SolutionProperties) = preSolution
		HideSolutionNode = FALSE
	EndGlobalSection
	GlobalSection(ExtensibilityGlobals) = postSolution
		SolutionGuid = {4B0FD71F-43DF-44C1-8727-AC8C964B6224}
	EndGlobalSection
EndGlobal
