
Microsoft Visual Studio Solution File, Format Version 12.00
# Visual Studio Version 16
VisualStudioVersion = 16.0.31019.35
MinimumVisualStudioVersion = 10.0.40219.1
Project("{8BC9CEB8-8B4A-11D0-8D11-00A0C91BC942}") = "Offer II 521", "Offer II 521\Offer II 521.vcxproj", "{DCDE405B-CBD7-472F-95B4-9D1CF605F6C0}"
EndProject
Global
	GlobalSection(SolutionConfigurationPlatforms) = preSolution
		Debug|x64 = Debug|x64
		Debug|x86 = Debug|x86
		Release|x64 = Release|x64
		Release|x86 = Release|x86
	EndGlobalSection
	GlobalSection(ProjectConfigurationPlatforms) = postSolution
		{DCDE405B-CBD7-472F-95B4-9D1CF605F6C0}.Debug|x64.ActiveCfg = Debug|x64
		{DCDE405B-CBD7-472F-95B4-9D1CF605F6C0}.Debug|x64.Build.0 = Debug|x64
		{DCDE405B-CBD7-472F-95B4-9D1CF605F6C0}.Debug|x86.ActiveCfg = Debug|Win32
		{DCDE405B-CBD7-472F-95B4-9D1CF605F6C0}.Debug|x86.Build.0 = Debug|Win32
		{DCDE405B-CBD7-472F-95B4-9D1CF605F6C0}.Release|x64.ActiveCfg = Release|x64
		{DCDE405B-CBD7-472F-95B4-9D1CF605F6C0}.Release|x64.Build.0 = Release|x64
		{DCDE405B-CBD7-472F-95B4-9D1CF605F6C0}.Release|x86.ActiveCfg = Release|Win32
		{DCDE405B-CBD7-472F-95B4-9D1CF605F6C0}.Release|x86.Build.0 = Release|Win32
	EndGlobalSection
	GlobalSection(SolutionProperties) = preSolution
		HideSolutionNode = FALSE
	EndGlobalSection
	GlobalSection(ExtensibilityGlobals) = postSolution
		SolutionGuid = {B5974426-6171-45EF-842C-56B1183D6190}
	EndGlobalSection
EndGlobal
