
Microsoft Visual Studio Solution File, Format Version 12.00
# Visual Studio Version 16
VisualStudioVersion = 16.0.31019.35
MinimumVisualStudioVersion = 10.0.40219.1
Project("{8BC9CEB8-8B4A-11D0-8D11-00A0C91BC942}") = "203", "203\203.vcxproj", "{C58EE0E3-87EF-4CA4-A655-182AE38C3EFD}"
EndProject
Global
	GlobalSection(SolutionConfigurationPlatforms) = preSolution
		Debug|x64 = Debug|x64
		Debug|x86 = Debug|x86
		Release|x64 = Release|x64
		Release|x86 = Release|x86
	EndGlobalSection
	GlobalSection(ProjectConfigurationPlatforms) = postSolution
		{C58EE0E3-87EF-4CA4-A655-182AE38C3EFD}.Debug|x64.ActiveCfg = Debug|x64
		{C58EE0E3-87EF-4CA4-A655-182AE38C3EFD}.Debug|x64.Build.0 = Debug|x64
		{C58EE0E3-87EF-4CA4-A655-182AE38C3EFD}.Debug|x86.ActiveCfg = Debug|Win32
		{C58EE0E3-87EF-4CA4-A655-182AE38C3EFD}.Debug|x86.Build.0 = Debug|Win32
		{C58EE0E3-87EF-4CA4-A655-182AE38C3EFD}.Release|x64.ActiveCfg = Release|x64
		{C58EE0E3-87EF-4CA4-A655-182AE38C3EFD}.Release|x64.Build.0 = Release|x64
		{C58EE0E3-87EF-4CA4-A655-182AE38C3EFD}.Release|x86.ActiveCfg = Release|Win32
		{C58EE0E3-87EF-4CA4-A655-182AE38C3EFD}.Release|x86.Build.0 = Release|Win32
	EndGlobalSection
	GlobalSection(SolutionProperties) = preSolution
		HideSolutionNode = FALSE
	EndGlobalSection
	GlobalSection(ExtensibilityGlobals) = postSolution
		SolutionGuid = {2AD7B17F-391E-4CB8-BC13-ACB6C3E1CF2E}
	EndGlobalSection
EndGlobal
