
Microsoft Visual Studio Solution File, Format Version 12.00
# Visual Studio Version 16
VisualStudioVersion = 16.0.31019.35
MinimumVisualStudioVersion = 10.0.40219.1
Project("{8BC9CEB8-8B4A-11D0-8D11-00A0C91BC942}") = "481", "481\481.vcxproj", "{9DD949AE-71A0-48AE-A928-211E92F47790}"
EndProject
Global
	GlobalSection(SolutionConfigurationPlatforms) = preSolution
		Debug|x64 = Debug|x64
		Debug|x86 = Debug|x86
		Release|x64 = Release|x64
		Release|x86 = Release|x86
	EndGlobalSection
	GlobalSection(ProjectConfigurationPlatforms) = postSolution
		{9DD949AE-71A0-48AE-A928-211E92F47790}.Debug|x64.ActiveCfg = Debug|x64
		{9DD949AE-71A0-48AE-A928-211E92F47790}.Debug|x64.Build.0 = Debug|x64
		{9DD949AE-71A0-48AE-A928-211E92F47790}.Debug|x86.ActiveCfg = Debug|Win32
		{9DD949AE-71A0-48AE-A928-211E92F47790}.Debug|x86.Build.0 = Debug|Win32
		{9DD949AE-71A0-48AE-A928-211E92F47790}.Release|x64.ActiveCfg = Release|x64
		{9DD949AE-71A0-48AE-A928-211E92F47790}.Release|x64.Build.0 = Release|x64
		{9DD949AE-71A0-48AE-A928-211E92F47790}.Release|x86.ActiveCfg = Release|Win32
		{9DD949AE-71A0-48AE-A928-211E92F47790}.Release|x86.Build.0 = Release|Win32
	EndGlobalSection
	GlobalSection(SolutionProperties) = preSolution
		HideSolutionNode = FALSE
	EndGlobalSection
	GlobalSection(ExtensibilityGlobals) = postSolution
		SolutionGuid = {0048DCC0-5070-4380-B49F-72974C470083}
	EndGlobalSection
EndGlobal
