
Microsoft Visual Studio Solution File, Format Version 12.00
# Visual Studio Version 16
VisualStudioVersion = 16.0.31019.35
MinimumVisualStudioVersion = 10.0.40219.1
Project("{8BC9CEB8-8B4A-11D0-8D11-00A0C91BC942}") = "257", "257\257.vcxproj", "{062137A4-E198-4659-AC46-7807DE875809}"
EndProject
Global
	GlobalSection(SolutionConfigurationPlatforms) = preSolution
		Debug|x64 = Debug|x64
		Debug|x86 = Debug|x86
		Release|x64 = Release|x64
		Release|x86 = Release|x86
	EndGlobalSection
	GlobalSection(ProjectConfigurationPlatforms) = postSolution
		{062137A4-E198-4659-AC46-7807DE875809}.Debug|x64.ActiveCfg = Debug|x64
		{062137A4-E198-4659-AC46-7807DE875809}.Debug|x64.Build.0 = Debug|x64
		{062137A4-E198-4659-AC46-7807DE875809}.Debug|x86.ActiveCfg = Debug|Win32
		{062137A4-E198-4659-AC46-7807DE875809}.Debug|x86.Build.0 = Debug|Win32
		{062137A4-E198-4659-AC46-7807DE875809}.Release|x64.ActiveCfg = Release|x64
		{062137A4-E198-4659-AC46-7807DE875809}.Release|x64.Build.0 = Release|x64
		{062137A4-E198-4659-AC46-7807DE875809}.Release|x86.ActiveCfg = Release|Win32
		{062137A4-E198-4659-AC46-7807DE875809}.Release|x86.Build.0 = Release|Win32
	EndGlobalSection
	GlobalSection(SolutionProperties) = preSolution
		HideSolutionNode = FALSE
	EndGlobalSection
	GlobalSection(ExtensibilityGlobals) = postSolution
		SolutionGuid = {58074D0F-F715-4BA8-8900-3C5ACCAE37A1}
	EndGlobalSection
EndGlobal
