
Microsoft Visual Studio Solution File, Format Version 12.00
# Visual Studio Version 16
VisualStudioVersion = 16.0.31019.35
MinimumVisualStudioVersion = 10.0.40219.1
Project("{8BC9CEB8-8B4A-11D0-8D11-00A0C91BC942}") = "526", "526\526.vcxproj", "{848E5386-DDA1-4406-BF34-84FB4ACEC1BE}"
EndProject
Global
	GlobalSection(SolutionConfigurationPlatforms) = preSolution
		Debug|x64 = Debug|x64
		Debug|x86 = Debug|x86
		Release|x64 = Release|x64
		Release|x86 = Release|x86
	EndGlobalSection
	GlobalSection(ProjectConfigurationPlatforms) = postSolution
		{848E5386-DDA1-4406-BF34-84FB4ACEC1BE}.Debug|x64.ActiveCfg = Debug|x64
		{848E5386-DDA1-4406-BF34-84FB4ACEC1BE}.Debug|x64.Build.0 = Debug|x64
		{848E5386-DDA1-4406-BF34-84FB4ACEC1BE}.Debug|x86.ActiveCfg = Debug|Win32
		{848E5386-DDA1-4406-BF34-84FB4ACEC1BE}.Debug|x86.Build.0 = Debug|Win32
		{848E5386-DDA1-4406-BF34-84FB4ACEC1BE}.Release|x64.ActiveCfg = Release|x64
		{848E5386-DDA1-4406-BF34-84FB4ACEC1BE}.Release|x64.Build.0 = Release|x64
		{848E5386-DDA1-4406-BF34-84FB4ACEC1BE}.Release|x86.ActiveCfg = Release|Win32
		{848E5386-DDA1-4406-BF34-84FB4ACEC1BE}.Release|x86.Build.0 = Release|Win32
	EndGlobalSection
	GlobalSection(SolutionProperties) = preSolution
		HideSolutionNode = FALSE
	EndGlobalSection
	GlobalSection(ExtensibilityGlobals) = postSolution
		SolutionGuid = {3E0C15EB-D8B7-4DF7-8896-667C06BEDB47}
	EndGlobalSection
EndGlobal
