
Microsoft Visual Studio Solution File, Format Version 12.00
# Visual Studio Version 16
VisualStudioVersion = 16.0.31019.35
MinimumVisualStudioVersion = 10.0.40219.1
Project("{8BC9CEB8-8B4A-11D0-8D11-00A0C91BC942}") = "99", "99\99.vcxproj", "{9C857CCB-18C6-43FC-B121-2FC9A9D10216}"
EndProject
Global
	GlobalSection(SolutionConfigurationPlatforms) = preSolution
		Debug|x64 = Debug|x64
		Debug|x86 = Debug|x86
		Release|x64 = Release|x64
		Release|x86 = Release|x86
	EndGlobalSection
	GlobalSection(ProjectConfigurationPlatforms) = postSolution
		{9C857CCB-18C6-43FC-B121-2FC9A9D10216}.Debug|x64.ActiveCfg = Debug|x64
		{9C857CCB-18C6-43FC-B121-2FC9A9D10216}.Debug|x64.Build.0 = Debug|x64
		{9C857CCB-18C6-43FC-B121-2FC9A9D10216}.Debug|x86.ActiveCfg = Debug|Win32
		{9C857CCB-18C6-43FC-B121-2FC9A9D10216}.Debug|x86.Build.0 = Debug|Win32
		{9C857CCB-18C6-43FC-B121-2FC9A9D10216}.Release|x64.ActiveCfg = Release|x64
		{9C857CCB-18C6-43FC-B121-2FC9A9D10216}.Release|x64.Build.0 = Release|x64
		{9C857CCB-18C6-43FC-B121-2FC9A9D10216}.Release|x86.ActiveCfg = Release|Win32
		{9C857CCB-18C6-43FC-B121-2FC9A9D10216}.Release|x86.Build.0 = Release|Win32
	EndGlobalSection
	GlobalSection(SolutionProperties) = preSolution
		HideSolutionNode = FALSE
	EndGlobalSection
	GlobalSection(ExtensibilityGlobals) = postSolution
		SolutionGuid = {A351389F-1776-47BD-A2D6-CE2C86AE6BEE}
	EndGlobalSection
EndGlobal
