
Microsoft Visual Studio Solution File, Format Version 12.00
# Visual Studio Version 16
VisualStudioVersion = 16.0.31019.35
MinimumVisualStudioVersion = 10.0.40219.1
Project("{8BC9CEB8-8B4A-11D0-8D11-00A0C91BC942}") = "581", "581\581.vcxproj", "{F21B26DD-8A52-4F22-8606-C16B3E2A7EE4}"
EndProject
Global
	GlobalSection(SolutionConfigurationPlatforms) = preSolution
		Debug|x64 = Debug|x64
		Debug|x86 = Debug|x86
		Release|x64 = Release|x64
		Release|x86 = Release|x86
	EndGlobalSection
	GlobalSection(ProjectConfigurationPlatforms) = postSolution
		{F21B26DD-8A52-4F22-8606-C16B3E2A7EE4}.Debug|x64.ActiveCfg = Debug|x64
		{F21B26DD-8A52-4F22-8606-C16B3E2A7EE4}.Debug|x64.Build.0 = Debug|x64
		{F21B26DD-8A52-4F22-8606-C16B3E2A7EE4}.Debug|x86.ActiveCfg = Debug|Win32
		{F21B26DD-8A52-4F22-8606-C16B3E2A7EE4}.Debug|x86.Build.0 = Debug|Win32
		{F21B26DD-8A52-4F22-8606-C16B3E2A7EE4}.Release|x64.ActiveCfg = Release|x64
		{F21B26DD-8A52-4F22-8606-C16B3E2A7EE4}.Release|x64.Build.0 = Release|x64
		{F21B26DD-8A52-4F22-8606-C16B3E2A7EE4}.Release|x86.ActiveCfg = Release|Win32
		{F21B26DD-8A52-4F22-8606-C16B3E2A7EE4}.Release|x86.Build.0 = Release|Win32
	EndGlobalSection
	GlobalSection(SolutionProperties) = preSolution
		HideSolutionNode = FALSE
	EndGlobalSection
	GlobalSection(ExtensibilityGlobals) = postSolution
		SolutionGuid = {48B15B94-4A8D-4B32-AFD9-6701C18F3A26}
	EndGlobalSection
EndGlobal
